# This file is automatically @generated by Cargo.
# It is not intended for manual editing.
version = 4

[[package]]
name = "aluka-builtins"
version = "0.1.0"
dependencies = [
 "aluka-core",
 "aluka-module",
 "aluka-vm",
]

[[package]]
name = "aluka-bytecode"
version = "0.1.0"
dependencies = [
 "aluka-core",
]

[[package]]
name = "aluka-cli"
version = "0.1.0"
dependencies = [
 "aluka-builtins",
 "aluka-runtime",
]

[[package]]
name = "aluka-compiler"
version = "0.1.0"
dependencies = [
 "aluka-bytecode",
 "aluka-core",
 "aluka-parser",
 "aluka-vm",
]

[[package]]
name = "aluka-core"
version = "0.1.0"

[[package]]
name = "aluka-module"
version = "0.1.0"
dependencies = [
 "aluka-compiler",
 "aluka-core",
 "aluka-vm",
]

[[package]]
name = "aluka-parser"
version = "0.1.0"
dependencies = [
 "aluka-core",
]

[[package]]
name = "aluka-regex"
version = "0.1.0"
dependencies = [
 "aluka-core",
]

[[package]]
name = "aluka-runtime"
version = "0.1.0"
dependencies = [
 "aluka-builtins",
 "aluka-compiler",
 "aluka-core",
 "aluka-module",
 "aluka-parser",
 "aluka-regex",
 "aluka-vm",
 "aluka-webapi",
]

[[package]]
name = "aluka-vm"
version = "0.1.0"
dependencies = [
 "aluka-bytecode",
 "aluka-compiler",
 "aluka-core",
]

[[package]]
name = "aluka-webapi"
version = "0.1.0"
dependencies = [
 "aluka-core",
 "aluka-vm",
]
